
Microsoft Visual Studio Solution File, Format Version 12.00
# Visual Studio 14
VisualStudioVersion = 14.0.25123.0
MinimumVisualStudioVersion = 10.0.40219.1
Project("{8BC9CEB8-8B4A-11D0-8D11-00A0C91BC942}") = "IntrotoProgramming", "IntrotoProgramming\IntrotoProgramming.vcxproj", "{901E6377-F83A-407B-95BB-4435F22374F3}"
EndProject
Project("{8BC9CEB8-8B4A-11D0-8D11-00A0C91BC942}") = "Variables", "Variables\Variables.vcxproj", "{BF91BA03-A4AB-4CFB-9946-D6814D92E3D6}"
EndProject
Project("{8BC9CEB8-8B4A-11D0-8D11-00A0C91BC942}") = "Conditional Statements", "Conditional Statements\Conditional Statements.vcxproj", "{4AEA2D02-B959-49BB-9BB3-AC7AEE64EFF7}"
EndProject
Project("{8BC9CEB8-8B4A-11D0-8D11-00A0C91BC942}") = "LoopsE", "LoopsE\LoopsE.vcxproj", "{6A750DD7-9A0B-460E-BE70-0F91799DA605}"
EndProject
Project("{8BC9CEB8-8B4A-11D0-8D11-00A0C91BC942}") = "CatchupOrDesyncedWork", "CatchupOrDesyncedWork\CatchupOrDesyncedWork.vcxproj", "{A55D6AE8-FE91-450A-B39B-BDDE8DF4E646}"
EndProject
Project("{8BC9CEB8-8B4A-11D0-8D11-00A0C91BC942}") = "ClassPracticeStuff", "ClassPracticeStuff\ClassPracticeStuff.vcxproj", "{D2667EE2-84ED-41DF-9B27-6B8044D73A8D}"
EndProject
Project("{8BC9CEB8-8B4A-11D0-8D11-00A0C91BC942}") = "FourMinigameProject", "FourMinigameProject\FourMinigameProject.vcxproj", "{CF47A360-D02C-426C-9E6F-1CBA3C628493}"
EndProject
Project("{8BC9CEB8-8B4A-11D0-8D11-00A0C91BC942}") = "Arrays", "Arrays\Arrays.vcxproj", "{5CA0C95D-CADE-4B48-89EF-793E9C0BAA1F}"
EndProject
Project("{8BC9CEB8-8B4A-11D0-8D11-00A0C91BC942}") = "Classes", "Classes\Classes.vcxproj", "{E2066AA3-24C5-477D-B528-AF85F6087915}"
EndProject
Project("{8BC9CEB8-8B4A-11D0-8D11-00A0C91BC942}") = "Functions", "Functions\Functions.vcxproj", "{91011D7F-A086-4344-8AB7-58A90908B7DF}"
EndProject
Project("{8BC9CEB8-8B4A-11D0-8D11-00A0C91BC942}") = "StringClass", "StringClass\StringClass.vcxproj", "{20A71304-BFE9-45B1-884E-652243C4CEC8}"
EndProject
Project("{8BC9CEB8-8B4A-11D0-8D11-00A0C91BC942}") = "References", "References\References.vcxproj", "{1D0DC00B-A34B-40F7-8290-8074CE8E30F3}"
EndProject
Global
	GlobalSection(SolutionConfigurationPlatforms) = preSolution
		Debug|x64 = Debug|x64
		Debug|x86 = Debug|x86
		Release|x64 = Release|x64
		Release|x86 = Release|x86
	EndGlobalSection
	GlobalSection(ProjectConfigurationPlatforms) = postSolution
		{901E6377-F83A-407B-95BB-4435F22374F3}.Debug|x64.ActiveCfg = Debug|x64
		{901E6377-F83A-407B-95BB-4435F22374F3}.Debug|x64.Build.0 = Debug|x64
		{901E6377-F83A-407B-95BB-4435F22374F3}.Debug|x86.ActiveCfg = Debug|Win32
		{901E6377-F83A-407B-95BB-4435F22374F3}.Debug|x86.Build.0 = Debug|Win32
		{901E6377-F83A-407B-95BB-4435F22374F3}.Release|x64.ActiveCfg = Release|x64
		{901E6377-F83A-407B-95BB-4435F22374F3}.Release|x64.Build.0 = Release|x64
		{901E6377-F83A-407B-95BB-4435F22374F3}.Release|x86.ActiveCfg = Release|Win32
		{901E6377-F83A-407B-95BB-4435F22374F3}.Release|x86.Build.0 = Release|Win32
		{BF91BA03-A4AB-4CFB-9946-D6814D92E3D6}.Debug|x64.ActiveCfg = Debug|x64
		{BF91BA03-A4AB-4CFB-9946-D6814D92E3D6}.Debug|x64.Build.0 = Debug|x64
		{BF91BA03-A4AB-4CFB-9946-D6814D92E3D6}.Debug|x86.ActiveCfg = Debug|Win32
		{BF91BA03-A4AB-4CFB-9946-D6814D92E3D6}.Debug|x86.Build.0 = Debug|Win32
		{BF91BA03-A4AB-4CFB-9946-D6814D92E3D6}.Release|x64.ActiveCfg = Release|x64
		{BF91BA03-A4AB-4CFB-9946-D6814D92E3D6}.Release|x64.Build.0 = Release|x64
		{BF91BA03-A4AB-4CFB-9946-D6814D92E3D6}.Release|x86.ActiveCfg = Release|Win32
		{BF91BA03-A4AB-4CFB-9946-D6814D92E3D6}.Release|x86.Build.0 = Release|Win32
		{4AEA2D02-B959-49BB-9BB3-AC7AEE64EFF7}.Debug|x64.ActiveCfg = Debug|x64
		{4AEA2D02-B959-49BB-9BB3-AC7AEE64EFF7}.Debug|x64.Build.0 = Debug|x64
		{4AEA2D02-B959-49BB-9BB3-AC7AEE64EFF7}.Debug|x86.ActiveCfg = Debug|Win32
		{4AEA2D02-B959-49BB-9BB3-AC7AEE64EFF7}.Debug|x86.Build.0 = Debug|Win32
		{4AEA2D02-B959-49BB-9BB3-AC7AEE64EFF7}.Release|x64.ActiveCfg = Release|x64
		{4AEA2D02-B959-49BB-9BB3-AC7AEE64EFF7}.Release|x64.Build.0 = Release|x64
		{4AEA2D02-B959-49BB-9BB3-AC7AEE64EFF7}.Release|x86.ActiveCfg = Release|Win32
		{4AEA2D02-B959-49BB-9BB3-AC7AEE64EFF7}.Release|x86.Build.0 = Release|Win32
		{6A750DD7-9A0B-460E-BE70-0F91799DA605}.Debug|x64.ActiveCfg = Debug|x64
		{6A750DD7-9A0B-460E-BE70-0F91799DA605}.Debug|x64.Build.0 = Debug|x64
		{6A750DD7-9A0B-460E-BE70-0F91799DA605}.Debug|x86.ActiveCfg = Debug|Win32
		{6A750DD7-9A0B-460E-BE70-0F91799DA605}.Debug|x86.Build.0 = Debug|Win32
		{6A750DD7-9A0B-460E-BE70-0F91799DA605}.Release|x64.ActiveCfg = Release|x64
		{6A750DD7-9A0B-460E-BE70-0F91799DA605}.Release|x64.Build.0 = Release|x64
		{6A750DD7-9A0B-460E-BE70-0F91799DA605}.Release|x86.ActiveCfg = Release|Win32
		{6A750DD7-9A0B-460E-BE70-0F91799DA605}.Release|x86.Build.0 = Release|Win32
		{A55D6AE8-FE91-450A-B39B-BDDE8DF4E646}.Debug|x64.ActiveCfg = Debug|x64
		{A55D6AE8-FE91-450A-B39B-BDDE8DF4E646}.Debug|x64.Build.0 = Debug|x64
		{A55D6AE8-FE91-450A-B39B-BDDE8DF4E646}.Debug|x86.ActiveCfg = Debug|Win32
		{A55D6AE8-FE91-450A-B39B-BDDE8DF4E646}.Debug|x86.Build.0 = Debug|Win32
		{A55D6AE8-FE91-450A-B39B-BDDE8DF4E646}.Release|x64.ActiveCfg = Release|x64
		{A55D6AE8-FE91-450A-B39B-BDDE8DF4E646}.Release|x64.Build.0 = Release|x64
		{A55D6AE8-FE91-450A-B39B-BDDE8DF4E646}.Release|x86.ActiveCfg = Release|Win32
		{A55D6AE8-FE91-450A-B39B-BDDE8DF4E646}.Release|x86.Build.0 = Release|Win32
		{D2667EE2-84ED-41DF-9B27-6B8044D73A8D}.Debug|x64.ActiveCfg = Debug|x64
		{D2667EE2-84ED-41DF-9B27-6B8044D73A8D}.Debug|x64.Build.0 = Debug|x64
		{D2667EE2-84ED-41DF-9B27-6B8044D73A8D}.Debug|x86.ActiveCfg = Debug|Win32
		{D2667EE2-84ED-41DF-9B27-6B8044D73A8D}.Debug|x86.Build.0 = Debug|Win32
		{D2667EE2-84ED-41DF-9B27-6B8044D73A8D}.Release|x64.ActiveCfg = Release|x64
		{D2667EE2-84ED-41DF-9B27-6B8044D73A8D}.Release|x64.Build.0 = Release|x64
		{D2667EE2-84ED-41DF-9B27-6B8044D73A8D}.Release|x86.ActiveCfg = Release|Win32
		{D2667EE2-84ED-41DF-9B27-6B8044D73A8D}.Release|x86.Build.0 = Release|Win32
		{CF47A360-D02C-426C-9E6F-1CBA3C628493}.Debug|x64.ActiveCfg = Debug|x64
		{CF47A360-D02C-426C-9E6F-1CBA3C628493}.Debug|x64.Build.0 = Debug|x64
		{CF47A360-D02C-426C-9E6F-1CBA3C628493}.Debug|x86.ActiveCfg = Debug|Win32
		{CF47A360-D02C-426C-9E6F-1CBA3C628493}.Debug|x86.Build.0 = Debug|Win32
		{CF47A360-D02C-426C-9E6F-1CBA3C628493}.Release|x64.ActiveCfg = Release|x64
		{CF47A360-D02C-426C-9E6F-1CBA3C628493}.Release|x64.Build.0 = Release|x64
		{CF47A360-D02C-426C-9E6F-1CBA3C628493}.Release|x86.ActiveCfg = Release|Win32
		{CF47A360-D02C-426C-9E6F-1CBA3C628493}.Release|x86.Build.0 = Release|Win32
		{5CA0C95D-CADE-4B48-89EF-793E9C0BAA1F}.Debug|x64.ActiveCfg = Debug|x64
		{5CA0C95D-CADE-4B48-89EF-793E9C0BAA1F}.Debug|x64.Build.0 = Debug|x64
		{5CA0C95D-CADE-4B48-89EF-793E9C0BAA1F}.Debug|x86.ActiveCfg = Debug|Win32
		{5CA0C95D-CADE-4B48-89EF-793E9C0BAA1F}.Debug|x86.Build.0 = Debug|Win32
		{5CA0C95D-CADE-4B48-89EF-793E9C0BAA1F}.Release|x64.ActiveCfg = Release|x64
		{5CA0C95D-CADE-4B48-89EF-793E9C0BAA1F}.Release|x64.Build.0 = Release|x64
		{5CA0C95D-CADE-4B48-89EF-793E9C0BAA1F}.Release|x86.ActiveCfg = Release|Win32
		{5CA0C95D-CADE-4B48-89EF-793E9C0BAA1F}.Release|x86.Build.0 = Release|Win32
		{E2066AA3-24C5-477D-B528-AF85F6087915}.Debug|x64.ActiveCfg = Debug|x64
		{E2066AA3-24C5-477D-B528-AF85F6087915}.Debug|x64.Build.0 = Debug|x64
		{E2066AA3-24C5-477D-B528-AF85F6087915}.Debug|x86.ActiveCfg = Debug|Win32
		{E2066AA3-24C5-477D-B528-AF85F6087915}.Debug|x86.Build.0 = Debug|Win32
		{E2066AA3-24C5-477D-B528-AF85F6087915}.Release|x64.ActiveCfg = Release|x64
		{E2066AA3-24C5-477D-B528-AF85F6087915}.Release|x64.Build.0 = Release|x64
		{E2066AA3-24C5-477D-B528-AF85F6087915}.Release|x86.ActiveCfg = Release|Win32
		{E2066AA3-24C5-477D-B528-AF85F6087915}.Release|x86.Build.0 = Release|Win32
		{91011D7F-A086-4344-8AB7-58A90908B7DF}.Debug|x64.ActiveCfg = Debug|x64
		{91011D7F-A086-4344-8AB7-58A90908B7DF}.Debug|x64.Build.0 = Debug|x64
		{91011D7F-A086-4344-8AB7-58A90908B7DF}.Debug|x86.ActiveCfg = Debug|Win32
		{91011D7F-A086-4344-8AB7-58A90908B7DF}.Debug|x86.Build.0 = Debug|Win32
		{91011D7F-A086-4344-8AB7-58A90908B7DF}.Release|x64.ActiveCfg = Release|x64
		{91011D7F-A086-4344-8AB7-58A90908B7DF}.Release|x64.Build.0 = Release|x64
		{91011D7F-A086-4344-8AB7-58A90908B7DF}.Release|x86.ActiveCfg = Release|Win32
		{91011D7F-A086-4344-8AB7-58A90908B7DF}.Release|x86.Build.0 = Release|Win32
		{20A71304-BFE9-45B1-884E-652243C4CEC8}.Debug|x64.ActiveCfg = Debug|x64
		{20A71304-BFE9-45B1-884E-652243C4CEC8}.Debug|x64.Build.0 = Debug|x64
		{20A71304-BFE9-45B1-884E-652243C4CEC8}.Debug|x86.ActiveCfg = Debug|Win32
		{20A71304-BFE9-45B1-884E-652243C4CEC8}.Debug|x86.Build.0 = Debug|Win32
		{20A71304-BFE9-45B1-884E-652243C4CEC8}.Release|x64.ActiveCfg = Release|x64
		{20A71304-BFE9-45B1-884E-652243C4CEC8}.Release|x64.Build.0 = Release|x64
		{20A71304-BFE9-45B1-884E-652243C4CEC8}.Release|x86.ActiveCfg = Release|Win32
		{20A71304-BFE9-45B1-884E-652243C4CEC8}.Release|x86.Build.0 = Release|Win32
		{1D0DC00B-A34B-40F7-8290-8074CE8E30F3}.Debug|x64.ActiveCfg = Debug|x64
		{1D0DC00B-A34B-40F7-8290-8074CE8E30F3}.Debug|x64.Build.0 = Debug|x64
		{1D0DC00B-A34B-40F7-8290-8074CE8E30F3}.Debug|x86.ActiveCfg = Debug|Win32
		{1D0DC00B-A34B-40F7-8290-8074CE8E30F3}.Debug|x86.Build.0 = Debug|Win32
		{1D0DC00B-A34B-40F7-8290-8074CE8E30F3}.Release|x64.ActiveCfg = Release|x64
		{1D0DC00B-A34B-40F7-8290-8074CE8E30F3}.Release|x64.Build.0 = Release|x64
		{1D0DC00B-A34B-40F7-8290-8074CE8E30F3}.Release|x86.ActiveCfg = Release|Win32
		{1D0DC00B-A34B-40F7-8290-8074CE8E30F3}.Release|x86.Build.0 = Release|Win32
	EndGlobalSection
	GlobalSection(SolutionProperties) = preSolution
		HideSolutionNode = FALSE
	EndGlobalSection
EndGlobal
